{
  "version": 1,
  "dependencies": {
    "net8.0": {
      "Microsoft.NET.Test.Sdk": {
        "type": "Direct",
        "requested": "[17.11.1, )",
        "resolved": "17.11.1",
        "contentHash": "U3Ty4BaGoEu+T2bwSko9tWqWUOU16WzSFkq6U8zve75oRBMSLTBdMAZrVNNz1Tq12aCdDom9fcOcM9QZaFHqFg==",
        "dependencies": {
          "Microsoft.CodeCoverage": "17.11.1",
          "Microsoft.TestPlatform.TestHost": "17.11.1"
        }
      },
      "xunit": {
        "type": "Direct",
        "requested": "[2.9.0, )",
        "resolved": "2.9.0",
        "contentHash": "PtU3rZ0ThdmdJqTbK7GkgFf6iBaCR6Q0uvJHznID+XEYk2v6O/b7sRxqnbi3B2gRDXxjTqMkVNayzwsqsFUxRw==",
        "dependencies": {
          "xunit.analyzers": "1.15.0",
          "xunit.assert": "2.9.0",
          "xunit.core": "[2.9.0]"
        }
      },
      "xunit.runner.visualstudio": {
        "type": "Direct",
        "requested": "[2.8.2, )",
        "resolved": "2.8.2",
        "contentHash": "vm1tbfXhFmjFMUmS4M0J0ASXz3/U5XvXBa6DOQUL3fEz4Vt6YPhv+ESCarx6M6D+9kJkJYZKCNvJMas1+nVfmQ=="
      },
      "HarfBuzzSharp.NativeAssets.Linux": {
        "type": "Transitive",
        "resolved": "8.3.1.1",
        "contentHash": "3EZ1mpIiKWRLL5hUYA82ZHteeDIVaEA/Z0rA/wU6tjx6crcAkJnBPwDXZugBSfo8+J3EznvRJf49uMsqYfKrHg=="
      },
      "HarfBuzzSharp.NativeAssets.macOS": {
        "type": "Transitive",
        "resolved": "8.3.1.1",
        "contentHash": "jbtCsgftcaFLCA13tVKo5iWdElJScrulLTKJre36O4YQTIlwDtPPqhRZNk+Y0vv4D1gxbscasGRucUDfS44ofQ=="
      },
      "HarfBuzzSharp.NativeAssets.Win32": {
        "type": "Transitive",
        "resolved": "8.3.1.1",
        "contentHash": "UsJtQsfAJoFDZrXc4hCUfRPMqccfKZ0iumJ/upcUjz/cmsTgVFGNEL5yaJWmkqsuFYdMWbj/En5/kS4PFl9hBA=="
      },
      "Microsoft.CodeCoverage": {
        "type": "Transitive",
        "resolved": "17.11.1",
        "contentHash": "nPJqrcA5iX+Y0kqoT3a+pD/8lrW/V7ayqnEJQsTonSoPz59J8bmoQhcSN4G8+UJ64Hkuf0zuxnfuj2lkHOq4cA=="
      },
      "Microsoft.TestPlatform.ObjectModel": {
        "type": "Transitive",
        "resolved": "17.11.1",
        "contentHash": "E2jZqAU6JeWEVsyOEOrSW1o1bpHLgb25ypvKNB/moBXPVsFYBPd/Jwi7OrYahG50J83LfHzezYI+GaEkpAotiA==",
        "dependencies": {
          "System.Reflection.Metadata": "1.6.0"
        }
      },
      "Microsoft.TestPlatform.TestHost": {
        "type": "Transitive",
        "resolved": "17.11.1",
        "contentHash": "DnG+GOqJXO/CkoqlJWeDFTgPhqD/V6VqUIL3vINizCWZ3X+HshCtbbyDdSHQQEjrc2Sl/K3yaxX6s+5LFEdYuw==",
        "dependencies": {
          "Microsoft.TestPlatform.ObjectModel": "17.11.1",
          "Newtonsoft.Json": "13.0.1"
        }
      },
      "Newtonsoft.Json": {
        "type": "Transitive",
        "resolved": "13.0.1",
        "contentHash": "ppPFpBcvxdsfUonNcvITKqLl3bqxWbDCZIzDWHzjpdAHRFfZe0Dw9HmA0+za13IdyrgJwpkDTDA9fHaxOrt20A=="
      },
      "SkiaSharp.NativeAssets.Linux.NoDependencies": {
        "type": "Transitive",
        "resolved": "3.119.0",
        "contentHash": "e92vdqf1VOETPjy1T67Fs1zPxfGMM1nbrpt69GM5foXSI/iIbq6L9avPz/bl/DbWtb81D0yF/NKjRmXuOZoLcg=="
      },
      "SkiaSharp.NativeAssets.macOS": {
        "type": "Transitive",
        "resolved": "3.119.0",
        "contentHash": "YE1vNn0Nyw2PWtv7hw1PYkKJO0itFiQp9vSqGppZUKzQJqwp28a2jgdCMPfYtOiR8KCnDgZqQoynqJRRaE2ZVg=="
      },
      "SkiaSharp.NativeAssets.Win32": {
        "type": "Transitive",
        "resolved": "3.119.0",
        "contentHash": "IwC9yx36lOdXVT2DjgmWHl1qkVspfj8ctd4+li8CNnvqdfaTolXCOh6TLznURcPAvzatx9K/tLOB7zT6T8EA9w=="
      },
      "System.Collections.Immutable": {
        "type": "Transitive",
        "resolved": "9.0.0",
        "contentHash": "QhkXUl2gNrQtvPmtBTQHb0YsUrDiDQ2QS09YbtTTiSjGcf7NBqtYbrG/BE06zcBPCKEwQGzIv13IVdXNOSub2w=="
      },
      "System.Formats.Nrbf": {
        "type": "Transitive",
        "resolved": "9.0.0",
        "contentHash": "F/6tNE+ckmdFeSQAyQo26bQOqfPFKEfZcuqnp4kBE6/7jP26diP+QTHCJJ6vpEfaY6bLy+hBLiIQUSxSmNwLkA==",
        "dependencies": {
          "System.Reflection.Metadata": "9.0.0"
        }
      },
      "System.IO.Hashing": {
        "type": "Transitive",
        "resolved": "9.0.0",
        "contentHash": "seeO8icDfED/Qwl9PDFUx2Gf/7xv7dPsMnw5PnRwNZuz4EWMpy0wIVohC4MfCcTIoJgp+KUrWG4WH3NPSusQOA=="
      },
      "System.IO.Packaging": {
        "type": "Transitive",
        "resolved": "10.0.2",
        "contentHash": "JTpM4z0wpoIHHDvlCU27HsXo+zVnpWib94HXQpzzr+jc/P9NYf4w353AK4MXyGq/grm1mbLi7eXsOsDU8sGmNg=="
      },
      "System.Reflection.Metadata": {
        "type": "Transitive",
        "resolved": "9.0.0",
        "contentHash": "ANiqLu3DxW9kol/hMmTWbt3414t9ftdIuiIU7j80okq2YzAueo120M442xk1kDJWtmZTqWQn7wHDvMRipVOEOQ==",
        "dependencies": {
          "System.Collections.Immutable": "9.0.0"
        }
      },
      "System.Resources.Extensions": {
        "type": "Transitive",
        "resolved": "9.0.0",
        "contentHash": "tvhuT1D2OwPROdL1kRWtaTJliQo0WdyhvwDpd8RM997G7m3Hya5nhbYhNTS75x6Vu+ypSOgL5qxDCn8IROtCxw==",
        "dependencies": {
          "System.Formats.Nrbf": "9.0.0"
        }
      },
      "xunit.abstractions": {
        "type": "Transitive",
        "resolved": "2.0.3",
        "contentHash": "pot1I4YOxlWjIb5jmwvvQNbTrZ3lJQ+jUGkGjWE3hEFM0l5gOnBWS+H3qsex68s5cO52g+44vpGzhAt+42vwKg=="
      },
      "xunit.analyzers": {
        "type": "Transitive",
        "resolved": "1.15.0",
        "contentHash": "s+M8K/Rtlgr6CmD7AYQKrNTvT5sh0l0ZKDoZ3Z/ExhlIwfV9mGAMR4f7KqIB7SSK7ZOhqDTgTUMYPmKfmvWUWQ=="
      },
      "xunit.assert": {
        "type": "Transitive",
        "resolved": "2.9.0",
        "contentHash": "Z/1pyia//860wEYTKn6Q5dmgikJdRjgE4t5AoxJkK8oTmidzPLEPG574kmm7LFkMLbH6Frwmgb750kcyR+hwoA=="
      },
      "xunit.core": {
        "type": "Transitive",
        "resolved": "2.9.0",
        "contentHash": "uRaop9tZsZMCaUS4AfbSPGYHtvywWnm8XXFNUqII7ShWyDBgdchY6gyDNgO4AK1Lv/1NNW61Zq63CsDV6oH6Jg==",
        "dependencies": {
          "xunit.extensibility.core": "[2.9.0]",
          "xunit.extensibility.execution": "[2.9.0]"
        }
      },
      "xunit.extensibility.core": {
        "type": "Transitive",
        "resolved": "2.9.0",
        "contentHash": "zjDEUSxsr6UNij4gIwCgMqQox+oLDPRZ+mubwWLci+SssPBFQD1xeRR4SvgBuXqbE0QXCJ/STVTp+lxiB5NLVA==",
        "dependencies": {
          "xunit.abstractions": "2.0.3"
        }
      },
      "xunit.extensibility.execution": {
        "type": "Transitive",
        "resolved": "2.9.0",
        "contentHash": "5ZTQZvmPLlBw6QzCOwM0KnMsZw6eGjbmC176QHZlcbQoMhGIeGcYzYwn5w9yXxf+4phtplMuVqTpTbFDQh2bqQ==",
        "dependencies": {
          "xunit.extensibility.core": "[2.9.0]"
        }
      },
      "Angri450.Nong.Bioicons": {
        "type": "Project"
      },
      "Angri450.Nong.Chart": {
        "type": "Project",
        "dependencies": {
          "Angri450.Nong.ThirdParty": "[3.2.5, )"
        }
      },
      "Angri450.Nong.Diagram": {
        "type": "Project",
        "dependencies": {
          "Angri450.Nong.Bioicons": "[3.0.2, )",
          "Angri450.Nong.ThirdParty": "[3.2.5, )"
        }
      },
      "Angri450.Nong.Excel": {
        "type": "Project",
        "dependencies": {
          "Angri450.Nong.ThirdParty": "[3.2.5, )",
          "System.IO.Packaging": "[10.0.2, )"
        }
      },
      "Angri450.Nong.Literature": {
        "type": "Project"
      },
      "Angri450.Nong.ThirdParty": {
        "type": "Project",
        "dependencies": {
          "HarfBuzzSharp.NativeAssets.Linux": "[8.3.1.1, )",
          "HarfBuzzSharp.NativeAssets.Win32": "[8.3.1.1, )",
          "HarfBuzzSharp.NativeAssets.macOS": "[8.3.1.1, )",
          "SkiaSharp.NativeAssets.Linux.NoDependencies": "[3.119.0, )",
          "SkiaSharp.NativeAssets.Win32": "[3.119.0, )",
          "SkiaSharp.NativeAssets.macOS": "[3.119.0, )",
          "System.IO.Hashing": "[9.0.0, )",
          "System.IO.Packaging": "[10.0.2, )",
          "System.Resources.Extensions": "[9.0.0, )"
        }
      }
    }
  }
}