{
  "version": 1,
  "dependencies": {
    "net8.0": {
      "System.CommandLine": {
        "type": "Direct",
        "requested": "[2.0.0-beta4.22272.1, )",
        "resolved": "2.0.0-beta4.22272.1",
        "contentHash": "1uqED/q2H0kKoLJ4+hI2iPSBSEdTuhfCYADeJrAqERmiGQ2NNacYKRNEQ+gFbU4glgVyK8rxI+ZOe1onEtr/Pg=="
      },
      "System.Drawing.Common": {
        "type": "Direct",
        "requested": "[9.0.0, )",
        "resolved": "9.0.0",
        "contentHash": "uoozjI3+dlgKh2onFJcz8aNLh6TRCPlLSh8Dbuljc8CdvqXrxHOVysJlrHvlsOCqceqGBR1wrMPxlnzzhynktw==",
        "dependencies": {
          "Microsoft.Win32.SystemEvents": "9.0.0"
        }
      },
      "Microsoft.Win32.SystemEvents": {
        "type": "Transitive",
        "resolved": "9.0.0",
        "contentHash": "z8FfGIaoeALdD+KF44A2uP8PZIQQtDGiXsOLuN8nohbKhkyKt7zGaZb+fKiCxTuBqG22Q7myIAioSWaIcOOrOw=="
      },
      "System.Collections.Immutable": {
        "type": "Transitive",
        "resolved": "9.0.0",
        "contentHash": "QhkXUl2gNrQtvPmtBTQHb0YsUrDiDQ2QS09YbtTTiSjGcf7NBqtYbrG/BE06zcBPCKEwQGzIv13IVdXNOSub2w=="
      },
      "System.Formats.Nrbf": {
        "type": "Transitive",
        "resolved": "9.0.0",
        "contentHash": "F/6tNE+ckmdFeSQAyQo26bQOqfPFKEfZcuqnp4kBE6/7jP26diP+QTHCJJ6vpEfaY6bLy+hBLiIQUSxSmNwLkA==",
        "dependencies": {
          "System.Reflection.Metadata": "9.0.0"
        }
      },
      "System.IO.Hashing": {
        "type": "Transitive",
        "resolved": "9.0.0",
        "contentHash": "seeO8icDfED/Qwl9PDFUx2Gf/7xv7dPsMnw5PnRwNZuz4EWMpy0wIVohC4MfCcTIoJgp+KUrWG4WH3NPSusQOA=="
      },
      "System.IO.Packaging": {
        "type": "Transitive",
        "resolved": "10.0.2",
        "contentHash": "JTpM4z0wpoIHHDvlCU27HsXo+zVnpWib94HXQpzzr+jc/P9NYf4w353AK4MXyGq/grm1mbLi7eXsOsDU8sGmNg=="
      },
      "System.Reflection.Metadata": {
        "type": "Transitive",
        "resolved": "9.0.0",
        "contentHash": "ANiqLu3DxW9kol/hMmTWbt3414t9ftdIuiIU7j80okq2YzAueo120M442xk1kDJWtmZTqWQn7wHDvMRipVOEOQ==",
        "dependencies": {
          "System.Collections.Immutable": "9.0.0"
        }
      },
      "System.Resources.Extensions": {
        "type": "Transitive",
        "resolved": "9.0.0",
        "contentHash": "tvhuT1D2OwPROdL1kRWtaTJliQo0WdyhvwDpd8RM997G7m3Hya5nhbYhNTS75x6Vu+ypSOgL5qxDCn8IROtCxw==",
        "dependencies": {
          "System.Formats.Nrbf": "9.0.0"
        }
      },
      "YamlDotNet": {
        "type": "Transitive",
        "resolved": "18.0.0",
        "contentHash": "ptHVgcYmLejGuWXV7RMFoEqFKYMXnieOlWLPzEslfDtzZ9ngMhjYwykfqjBN2+fMEAEyobozkj07lKEpR4dssA=="
      },
      "Angri450.Nong.Bioicons": {
        "type": "Project"
      },
      "Angri450.Nong.Docx": {
        "type": "Project",
        "dependencies": {
          "Angri450.Nong.Pandoc": "[4.1.0, )",
          "Angri450.Nong.ThirdParty": "[4.1.0, )"
        }
      },
      "Angri450.Nong.Excel": {
        "type": "Project",
        "dependencies": {
          "Angri450.Nong.Pandoc": "[4.1.0, )",
          "Angri450.Nong.ThirdParty": "[4.1.0, )",
          "System.IO.Packaging": "[10.0.2, )"
        }
      },
      "Angri450.Nong.Genre": {
        "type": "Project"
      },
      "Angri450.Nong.Inspect": {
        "type": "Project",
        "dependencies": {
          "Angri450.Nong.Docx": "[4.1.0, )",
          "Angri450.Nong.ThirdParty": "[4.1.0, )"
        }
      },
      "Angri450.Nong.Literature": {
        "type": "Project"
      },
      "Angri450.Nong.OcrModels": {
        "type": "Project"
      },
      "Angri450.Nong.Pandoc": {
        "type": "Project"
      },
      "Angri450.Nong.ThirdParty": {
        "type": "Project",
        "dependencies": {
          "System.IO.Hashing": "[9.0.0, )",
          "System.IO.Packaging": "[10.0.2, )",
          "System.Resources.Extensions": "[9.0.0, )"
        }
      },
      "skillmanagercore": {
        "type": "Project",
        "dependencies": {
          "YamlDotNet": "[18.0.0, )"
        }
      }
    }
  }
}